version = 1
revision = 3
requires-python = ">=3.13"

[[package]]
name = "babel"
version = "2.13.1"
source = { registry = "https://pypi.org/simple" }
dependencies = [
    { name = "setuptools" },
]
sdist = { url = "https://files.pythonhosted.org/packages/aa/6c/737d2345d86741eeb594381394016b9c74c1253b4cbe274bb1e7b5e2138e/Babel-2.13.1.tar.gz", hash = "sha256:33e0952d7dd6374af8dbf6768cc4ddf3ccfefc244f9986d4074704f2fbd18900", size = 9909844, upload-time = "2023-10-24T14:34:30.789Z" }
wheels = [
    { url = "https://files.pythonhosted.org/packages/86/14/5dc2eb02b7cc87b2f95930310a2cc5229198414919a116b564832c747bc1/Babel-2.13.1-py3-none-any.whl", hash = "sha256:7077a4984b02b6727ac10f1f7294484f737443d7e2e66c5e4380e41a3ae0b4ed", size = 10073428, upload-time = "2023-10-24T14:34:27.436Z" },
]

[[package]]
name = "backrefs"
version = "5.8"
source = { registry = "https://pypi.org/simple" }
sdist = { url = "https://files.pythonhosted.org/packages/6c/46/caba1eb32fa5784428ab401a5487f73db4104590ecd939ed9daaf18b47e0/backrefs-5.8.tar.gz", hash = "sha256:2cab642a205ce966af3dd4b38ee36009b31fa9502a35fd61d59ccc116e40a6bd", size = 6773994, upload-time = "2025-02-25T18:15:32.003Z" }
wheels = [
    { url = "https://files.pythonhosted.org/packages/bf/cb/d019ab87fe70e0fe3946196d50d6a4428623dc0c38a6669c8cae0320fbf3/backrefs-5.8-py310-none-any.whl", hash = "sha256:c67f6638a34a5b8730812f5101376f9d41dc38c43f1fdc35cb54700f6ed4465d", size = 380337, upload-time = "2025-02-25T16:53:14.607Z" },
    { url = "https://files.pythonhosted.org/packages/a9/86/abd17f50ee21b2248075cb6924c6e7f9d23b4925ca64ec660e869c2633f1/backrefs-5.8-py311-none-any.whl", hash = "sha256:2e1c15e4af0e12e45c8701bd5da0902d326b2e200cafcd25e49d9f06d44bb61b", size = 392142, upload-time = "2025-02-25T16:53:17.266Z" },
    { url = "https://files.pythonhosted.org/packages/b3/04/7b415bd75c8ab3268cc138c76fa648c19495fcc7d155508a0e62f3f82308/backrefs-5.8-py312-none-any.whl", hash = "sha256:bbef7169a33811080d67cdf1538c8289f76f0942ff971222a16034da88a73486", size = 398021, upload-time = "2025-02-25T16:53:26.378Z" },
    { url = "https://files.pythonhosted.org/packages/04/b8/60dcfb90eb03a06e883a92abbc2ab95c71f0d8c9dd0af76ab1d5ce0b1402/backrefs-5.8-py313-none-any.whl", hash = "sha256:e3a63b073867dbefd0536425f43db618578528e3896fb77be7141328642a1585", size = 399915, upload-time = "2025-02-25T16:53:28.167Z" },
    { url = "https://files.pythonhosted.org/packages/0c/37/fb6973edeb700f6e3d6ff222400602ab1830446c25c7b4676d8de93e65b8/backrefs-5.8-py39-none-any.whl", hash = "sha256:a66851e4533fb5b371aa0628e1fee1af05135616b86140c9d787a2ffdf4b8fdc", size = 380336, upload-time = "2025-02-25T16:53:29.858Z" },
]

[[package]]
name = "bpfman-docs"
version = "0.1.0"
source = { virtual = "." }
dependencies = [
    { name = "mike" },
    { name = "mkdocs" },
    { name = "mkdocs-callouts" },
    { name = "mkdocs-material" },
]

[package.metadata]
requires-dist = [
    { name = "mike", specifier = ">=2.2.0" },
    { name = "mkdocs", specifier = ">=1.6.1" },
    { name = "mkdocs-callouts", specifier = ">=1.16.1" },
    { name = "mkdocs-material", specifier = ">=9.5.46" },
]

[[package]]
name = "certifi"
version = "2024.7.4"
source = { registry = "https://pypi.org/simple" }
sdist = { url = "https://files.pythonhosted.org/packages/c2/02/a95f2b11e207f68bc64d7aae9666fed2e2b3f307748d5123dffb72a1bbea/certifi-2024.7.4.tar.gz", hash = "sha256:5a1e7645bc0ec61a09e26c36f6106dd4cf40c6db3a1fb6352b0244e7fb057c7b", size = 164065, upload-time = "2024-07-04T01:36:11.653Z" }
wheels = [
    { url = "https://files.pythonhosted.org/packages/1c/d5/c84e1a17bf61d4df64ca866a1c9a913874b4e9bdc131ec689a0ad013fb36/certifi-2024.7.4-py3-none-any.whl", hash = "sha256:c198e21b1289c2ab85ee4e67bb4b4ef3ead0892059901a8d5b622f24a1101e90", size = 162960, upload-time = "2024-07-04T01:36:09.038Z" },
]

[[package]]
name = "charset-normalizer"
version = "3.3.2"
source = { registry = "https://pypi.org/simple" }
sdist = { url = "https://files.pythonhosted.org/packages/63/09/c1bc53dab74b1816a00d8d030de5bf98f724c52c1635e07681d312f20be8/charset-normalizer-3.3.2.tar.gz", hash = "sha256:f30c3cb33b24454a82faecaf01b19c18562b1e89558fb6c56de4d9118a032fd5", size = 104809, upload-time = "2023-11-01T04:04:59.997Z" }
wheels = [
    { url = "https://files.pythonhosted.org/packages/28/76/e6222113b83e3622caa4bb41032d0b1bf785250607392e1b778aca0b8a7d/charset_normalizer-3.3.2-py3-none-any.whl", hash = "sha256:3e4d1f6587322d2788836a99c69062fbb091331ec940e02d12d179c1d53e25fc", size = 48543, upload-time = "2023-11-01T04:04:58.622Z" },
]

[[package]]
name = "click"
version = "8.1.3"
source = { registry = "https://pypi.org/simple" }
dependencies = [
    { name = "colorama", marker = "sys_platform == 'win32'" },
]
sdist = { url = "https://files.pythonhosted.org/packages/59/87/84326af34517fca8c58418d148f2403df25303e02736832403587318e9e8/click-8.1.3.tar.gz", hash = "sha256:7682dc8afb30297001674575ea00d1814d808d6a36af415a82bd481d37ba7b8e", size = 331147, upload-time = "2022-04-28T17:36:09.097Z" }
wheels = [
    { url = "https://files.pythonhosted.org/packages/c2/f1/df59e28c642d583f7dacffb1e0965d0e00b218e0186d7858ac5233dce840/click-8.1.3-py3-none-any.whl", hash = "sha256:bb4d8133cb15a609f44e8213d9b391b0809795062913b383c62be0ee95b1db48", size = 96588, upload-time = "2022-04-28T17:36:06.952Z" },
]

[[package]]
name = "colorama"
version = "0.4.6"
source = { registry = "https://pypi.org/simple" }
sdist = { url = "https://files.pythonhosted.org/packages/d8/53/6f443c9a4a8358a93a6792e2acffb9d9d5cb0a5cfd8802644b7b1c9a02e4/colorama-0.4.6.tar.gz", hash = "sha256:08695f5cb7ed6e0531a20572697297273c47b8cae5a63ffc6d6ed5c201be6e44", size = 27697, upload-time = "2022-10-25T02:36:22.414Z" }
wheels = [
    { url = "https://files.pythonhosted.org/packages/d1/d6/3965ed04c63042e047cb6a3e6ed1a63a35087b6a609aa3a15ed8ac56c221/colorama-0.4.6-py2.py3-none-any.whl", hash = "sha256:4f1d9991f5acc0ca119f9d443620b77f9d6b33703e51011c16baf57afb285fc6", size = 25335, upload-time = "2022-10-25T02:36:20.889Z" },
]

[[package]]
name = "ghp-import"
version = "2.1.0"
source = { registry = "https://pypi.org/simple" }
dependencies = [
    { name = "python-dateutil" },
]
sdist = { url = "https://files.pythonhosted.org/packages/d9/29/d40217cbe2f6b1359e00c6c307bb3fc876ba74068cbab3dde77f03ca0dc4/ghp-import-2.1.0.tar.gz", hash = "sha256:9c535c4c61193c2df8871222567d7fd7e5014d835f97dc7b7439069e2413d343", size = 10943, upload-time = "2022-05-02T15:47:16.11Z" }
wheels = [
    { url = "https://files.pythonhosted.org/packages/f7/ec/67fbef5d497f86283db54c22eec6f6140243aae73265799baaaa19cd17fb/ghp_import-2.1.0-py3-none-any.whl", hash = "sha256:8337dd7b50877f163d4c0289bc1f1c7f127550241988d568c1db512c4324a619", size = 11034, upload-time = "2022-05-02T15:47:14.552Z" },
]

[[package]]
name = "idna"
version = "3.15"
source = { registry = "https://pypi.org/simple" }
sdist = { url = "https://files.pythonhosted.org/packages/82/77/7b3966d0b9d1d31a36ddf1746926a11dface89a83409bf1483f0237aa758/idna-3.15.tar.gz", hash = "sha256:ca962446ea538f7092a95e057da437618e886f4d349216d2b1e294abfdb65fdc", size = 199245, upload-time = "2026-05-12T22:45:57.011Z" }
wheels = [
    { url = "https://files.pythonhosted.org/packages/d2/23/408243171aa9aaba178d3e2559159c24c1171a641aa83b67bdd3394ead8e/idna-3.15-py3-none-any.whl", hash = "sha256:048adeaf8c2d788c40fee287673ccaa74c24ffd8dcf09ffa555a2fbb59f10ac8", size = 72340, upload-time = "2026-05-12T22:45:55.733Z" },
]

[[package]]
name = "jinja2"
version = "3.1.6"
source = { registry = "https://pypi.org/simple" }
dependencies = [
    { name = "markupsafe" },
]
sdist = { url = "https://files.pythonhosted.org/packages/df/bf/f7da0350254c0ed7c72f3e33cef02e048281fec7ecec5f032d4aac52226b/jinja2-3.1.6.tar.gz", hash = "sha256:0137fb05990d35f1275a587e9aee6d56da821fc83491a0fb838183be43f66d6d", size = 245115, upload-time = "2025-03-05T20:05:02.478Z" }
wheels = [
    { url = "https://files.pythonhosted.org/packages/62/a1/3d680cbfd5f4b8f15abc1d571870c5fc3e594bb582bc3b64ea099db13e56/jinja2-3.1.6-py3-none-any.whl", hash = "sha256:85ece4451f492d0c13c5dd7c13a64681a86afae63a5f347908daf103ce6d2f67", size = 134899, upload-time = "2025-03-05T20:05:00.369Z" },
]

[[package]]
name = "markdown"
version = "3.10.2"
source = { registry = "https://pypi.org/simple" }
sdist = { url = "https://files.pythonhosted.org/packages/2b/f4/69fa6ed85ae003c2378ffa8f6d2e3234662abd02c10d216c0ba96081a238/markdown-3.10.2.tar.gz", hash = "sha256:994d51325d25ad8aa7ce4ebaec003febcce822c3f8c911e3b17c52f7f589f950", size = 368805, upload-time = "2026-02-09T14:57:26.942Z" }
wheels = [
    { url = "https://files.pythonhosted.org/packages/de/1f/77fa3081e4f66ca3576c896ae5d31c3002ac6607f9747d2e3aa49227e464/markdown-3.10.2-py3-none-any.whl", hash = "sha256:e91464b71ae3ee7afd3017d9f358ef0baf158fd9a298db92f1d4761133824c36", size = 108180, upload-time = "2026-02-09T14:57:25.787Z" },
]

[[package]]
name = "markupsafe"
version = "2.1.1"
source = { registry = "https://pypi.org/simple" }
sdist = { url = "https://files.pythonhosted.org/packages/1d/97/2288fe498044284f39ab8950703e88abbac2abbdf65524d576157af70556/MarkupSafe-2.1.1.tar.gz", hash = "sha256:7f91197cc9e48f989d12e4e6fbc46495c446636dfc81b9ccf50bb0ec74b91d4b", size = 18668, upload-time = "2022-03-15T13:23:27.278Z" }

[[package]]
name = "mergedeep"
version = "1.3.4"
source = { registry = "https://pypi.org/simple" }
sdist = { url = "https://files.pythonhosted.org/packages/3a/41/580bb4006e3ed0361b8151a01d324fb03f420815446c7def45d02f74c270/mergedeep-1.3.4.tar.gz", hash = "sha256:0096d52e9dad9939c3d975a774666af186eda617e6ca84df4c94dec30004f2a8", size = 4661, upload-time = "2021-02-05T18:55:30.623Z" }
wheels = [
    { url = "https://files.pythonhosted.org/packages/2c/19/04f9b178c2d8a15b076c8b5140708fa6ffc5601fb6f1e975537072df5b2a/mergedeep-1.3.4-py3-none-any.whl", hash = "sha256:70775750742b25c0d8f36c55aed03d24c3384d17c951b3175d898bd778ef0307", size = 6354, upload-time = "2021-02-05T18:55:29.583Z" },
]

[[package]]
name = "mike"
version = "2.2.0"
source = { registry = "https://pypi.org/simple" }
dependencies = [
    { name = "jinja2" },
    { name = "mkdocs" },
    { name = "pyparsing" },
    { name = "pyyaml" },
    { name = "pyyaml-env-tag" },
    { name = "verspec" },
]
sdist = { url = "https://files.pythonhosted.org/packages/b4/47/fa87e9d56bef16cdfe34b059a437e8c6f7ec6f1b9c378871c3cf95ebea9c/mike-2.2.0.tar.gz", hash = "sha256:1e3858e32c0f125aac14432fc7848434358f9ae0962c5c5cde387ad47f6ad25e", size = 38450, upload-time = "2026-04-14T04:59:03.944Z" }
wheels = [
    { url = "https://files.pythonhosted.org/packages/76/8e/56ccb09c7232a55403a7637caa21922f3b65901a37f5e8bdb405d0de0946/mike-2.2.0-py3-none-any.whl", hash = "sha256:e1f4981c1152eec7c2490a3401142292cc47d686194188416db2648fdfe1d040", size = 34026, upload-time = "2026-04-14T04:59:02.602Z" },
]

[[package]]
name = "mkdocs"
version = "1.6.1"
source = { registry = "https://pypi.org/simple" }
dependencies = [
    { name = "click" },
    { name = "colorama", marker = "sys_platform == 'win32'" },
    { name = "ghp-import" },
    { name = "jinja2" },
    { name = "markdown" },
    { name = "markupsafe" },
    { name = "mergedeep" },
    { name = "mkdocs-get-deps" },
    { name = "packaging" },
    { name = "pathspec" },
    { name = "pyyaml" },
    { name = "pyyaml-env-tag" },
    { name = "watchdog" },
]
sdist = { url = "https://files.pythonhosted.org/packages/bc/c6/bbd4f061bd16b378247f12953ffcb04786a618ce5e904b8c5a01a0309061/mkdocs-1.6.1.tar.gz", hash = "sha256:7b432f01d928c084353ab39c57282f29f92136665bdd6abf7c1ec8d822ef86f2", size = 3889159, upload-time = "2024-08-30T12:24:06.899Z" }
wheels = [
    { url = "https://files.pythonhosted.org/packages/22/5b/dbc6a8cddc9cfa9c4971d59fb12bb8d42e161b7e7f8cc89e49137c5b279c/mkdocs-1.6.1-py3-none-any.whl", hash = "sha256:db91759624d1647f3f34aa0c3f327dd2601beae39a366d6e064c03468d35c20e", size = 3864451, upload-time = "2024-08-30T12:24:05.054Z" },
]

[[package]]
name = "mkdocs-callouts"
version = "1.16.1"
source = { registry = "https://pypi.org/simple" }
sdist = { url = "https://files.pythonhosted.org/packages/28/29/9c7c71cc63b9cc77b00eb551c9cae721c5fd6cacb30da66367b15e98c5d1/mkdocs_callouts-1.16.1.tar.gz", hash = "sha256:ca15e9e56c212450bd1b9712ef8033809b624212bfdc6415ecd95c9f6262e932", size = 11937, upload-time = "2026-05-13T21:45:55.428Z" }
wheels = [
    { url = "https://files.pythonhosted.org/packages/a7/29/a80a22182011f53808dc0a01dc782bd1adf025f651e8962d15ef942c445b/mkdocs_callouts-1.16.1-py3-none-any.whl", hash = "sha256:3956c1a79623f85d50e5ddc1cacf68ddbc8c5c9faffa14e85aa312be5e603aeb", size = 8701, upload-time = "2026-05-13T21:45:54.445Z" },
]

[[package]]
name = "mkdocs-get-deps"
version = "0.2.0"
source = { registry = "https://pypi.org/simple" }
dependencies = [
    { name = "mergedeep" },
    { name = "platformdirs" },
    { name = "pyyaml" },
]
sdist = { url = "https://files.pythonhosted.org/packages/98/f5/ed29cd50067784976f25ed0ed6fcd3c2ce9eb90650aa3b2796ddf7b6870b/mkdocs_get_deps-0.2.0.tar.gz", hash = "sha256:162b3d129c7fad9b19abfdcb9c1458a651628e4b1dea628ac68790fb3061c60c", size = 10239, upload-time = "2023-11-20T17:51:09.981Z" }
wheels = [
    { url = "https://files.pythonhosted.org/packages/9f/d4/029f984e8d3f3b6b726bd33cafc473b75e9e44c0f7e80a5b29abc466bdea/mkdocs_get_deps-0.2.0-py3-none-any.whl", hash = "sha256:2bf11d0b133e77a0dd036abeeb06dec8775e46efa526dc70667d8863eefc6134", size = 9521, upload-time = "2023-11-20T17:51:08.587Z" },
]

[[package]]
name = "mkdocs-material"
version = "9.7.6"
source = { registry = "https://pypi.org/simple" }
dependencies = [
    { name = "babel" },
    { name = "backrefs" },
    { name = "colorama" },
    { name = "jinja2" },
    { name = "markdown" },
    { name = "mkdocs" },
    { name = "mkdocs-material-extensions" },
    { name = "paginate" },
    { name = "pygments" },
    { name = "pymdown-extensions" },
    { name = "requests" },
]
sdist = { url = "https://files.pythonhosted.org/packages/45/29/6d2bcf41ae40802c4beda2432396fff97b8456fb496371d1bc7aad6512ec/mkdocs_material-9.7.6.tar.gz", hash = "sha256:00bdde50574f776d328b1862fe65daeaf581ec309bd150f7bff345a098c64a69", size = 4097959, upload-time = "2026-03-19T15:41:58.161Z" }
wheels = [
    { url = "https://files.pythonhosted.org/packages/2c/01/bc663630c510822c95c47a66af9fa7a443c295b47d5f041e5e6ae62ef659/mkdocs_material-9.7.6-py3-none-any.whl", hash = "sha256:71b84353921b8ea1ba84fe11c50912cc512da8fe0881038fcc9a0761c0e635ba", size = 9305470, upload-time = "2026-03-19T15:41:55.217Z" },
]

[[package]]
name = "mkdocs-material-extensions"
version = "1.3.1"
source = { registry = "https://pypi.org/simple" }
sdist = { url = "https://files.pythonhosted.org/packages/79/9b/9b4c96d6593b2a541e1cb8b34899a6d021d208bb357042823d4d2cabdbe7/mkdocs_material_extensions-1.3.1.tar.gz", hash = "sha256:10c9511cea88f568257f960358a467d12b970e1f7b2c0e5fb2bb48cab1928443", size = 11847, upload-time = "2023-11-22T19:09:45.208Z" }
wheels = [
    { url = "https://files.pythonhosted.org/packages/5b/54/662a4743aa81d9582ee9339d4ffa3c8fd40a4965e033d77b9da9774d3960/mkdocs_material_extensions-1.3.1-py3-none-any.whl", hash = "sha256:adff8b62700b25cb77b53358dad940f3ef973dd6db797907c49e3c2ef3ab4e31", size = 8728, upload-time = "2023-11-22T19:09:43.465Z" },
]

[[package]]
name = "packaging"
version = "21.3"
source = { registry = "https://pypi.org/simple" }
dependencies = [
    { name = "pyparsing" },
]
sdist = { url = "https://files.pythonhosted.org/packages/df/9e/d1a7217f69310c1db8fdf8ab396229f55a699ce34a203691794c5d1cad0c/packaging-21.3.tar.gz", hash = "sha256:dd47c42927d89ab911e606518907cc2d3a1f38bbd026385970643f9c5b8ecfeb", size = 84848, upload-time = "2021-11-18T00:39:13.586Z" }
wheels = [
    { url = "https://files.pythonhosted.org/packages/05/8e/8de486cbd03baba4deef4142bd643a3e7bbe954a784dc1bb17142572d127/packaging-21.3-py3-none-any.whl", hash = "sha256:ef103e05f519cdc783ae24ea4e2e0f508a9c99b2d4969652eed6a2e1ea5bd522", size = 40750, upload-time = "2021-11-18T00:39:10.932Z" },
]

[[package]]
name = "paginate"
version = "0.5.6"
source = { registry = "https://pypi.org/simple" }
sdist = { url = "https://files.pythonhosted.org/packages/68/58/e670a947136fdcece8ac5376b3df1369d29e4f6659b0c9b358605b115e9e/paginate-0.5.6.tar.gz", hash = "sha256:5e6007b6a9398177a7e1648d04fdd9f8c9766a1a945bceac82f1929e8c78af2d", size = 12840, upload-time = "2016-11-22T12:54:04.503Z" }

[[package]]
name = "pathspec"
version = "0.11.2"
source = { registry = "https://pypi.org/simple" }
sdist = { url = "https://files.pythonhosted.org/packages/a0/2a/bd167cdf116d4f3539caaa4c332752aac0b3a0cc0174cdb302ee68933e81/pathspec-0.11.2.tar.gz", hash = "sha256:e0d8d0ac2f12da61956eb2306b69f9469b42f4deb0f3cb6ed47b9cce9996ced3", size = 47032, upload-time = "2023-07-29T01:05:04.481Z" }
wheels = [
    { url = "https://files.pythonhosted.org/packages/b4/2a/9b1be29146139ef459188f5e420a66e835dda921208db600b7037093891f/pathspec-0.11.2-py3-none-any.whl", hash = "sha256:1d6ed233af05e679efb96b1851550ea95bbb64b7c490b0f5aa52996c11e92a20", size = 29603, upload-time = "2023-07-29T01:05:02.656Z" },
]

[[package]]
name = "platformdirs"
version = "4.0.0"
source = { registry = "https://pypi.org/simple" }
sdist = { url = "https://files.pythonhosted.org/packages/31/28/e40d24d2e2eb23135f8533ad33d582359c7825623b1e022f9d460def7c05/platformdirs-4.0.0.tar.gz", hash = "sha256:cb633b2bcf10c51af60beb0ab06d2f1d69064b43abf4c185ca6b28865f3f9731", size = 19914, upload-time = "2023-11-10T16:43:08.316Z" }
wheels = [
    { url = "https://files.pythonhosted.org/packages/31/16/70be3b725073035aa5fc3229321d06e22e73e3e09f6af78dcfdf16c7636c/platformdirs-4.0.0-py3-none-any.whl", hash = "sha256:118c954d7e949b35437270383a3f2531e99dd93cf7ce4dc8340d3356d30f173b", size = 17562, upload-time = "2023-11-10T16:43:06.949Z" },
]

[[package]]
name = "pygments"
version = "2.17.2"
source = { registry = "https://pypi.org/simple" }
sdist = { url = "https://files.pythonhosted.org/packages/55/59/8bccf4157baf25e4aa5a0bb7fa3ba8600907de105ebc22b0c78cfbf6f565/pygments-2.17.2.tar.gz", hash = "sha256:da46cec9fd2de5be3a8a784f434e4c4ab670b4ff54d605c4c2717e9d49c4c367", size = 4827772, upload-time = "2023-11-21T20:43:53.875Z" }
wheels = [
    { url = "https://files.pythonhosted.org/packages/97/9c/372fef8377a6e340b1704768d20daaded98bf13282b5327beb2e2fe2c7ef/pygments-2.17.2-py3-none-any.whl", hash = "sha256:b27c2826c47d0f3219f29554824c30c5e8945175d888647acd804ddd04af846c", size = 1179756, upload-time = "2023-11-21T20:43:49.423Z" },
]

[[package]]
name = "pymdown-extensions"
version = "10.21.3"
source = { registry = "https://pypi.org/simple" }
dependencies = [
    { name = "markdown" },
    { name = "pyyaml" },
]
sdist = { url = "https://files.pythonhosted.org/packages/9e/26/d1015444da4d952a1ca487a236b522eb979766f0295a0bd0c5fc089989a9/pymdown_extensions-10.21.3.tar.gz", hash = "sha256:72cfcf55f07aea0d4af2c4f11dd4e52466ddfb1bb819673146398e0bd3a77354", size = 854140, upload-time = "2026-05-13T12:57:32.267Z" }
wheels = [
    { url = "https://files.pythonhosted.org/packages/7e/85/545a951eecc270fcd688288c600017e2050a1aacb56c711d208586d3e470/pymdown_extensions-10.21.3-py3-none-any.whl", hash = "sha256:d7a5d08014fc571e80ca21dd6f854e31f94c489800350564d55d15b3c41e76b6", size = 269002, upload-time = "2026-05-13T12:57:30.296Z" },
]

[[package]]
name = "pyparsing"
version = "3.0.9"
source = { registry = "https://pypi.org/simple" }
sdist = { url = "https://files.pythonhosted.org/packages/71/22/207523d16464c40a0310d2d4d8926daffa00ac1f5b1576170a32db749636/pyparsing-3.0.9.tar.gz", hash = "sha256:2b020ecf7d21b687f219b71ecad3631f644a47f01403fa1d1036b0c6416d70fb", size = 1999906, upload-time = "2022-05-10T23:26:05.963Z" }
wheels = [
    { url = "https://files.pythonhosted.org/packages/6c/10/a7d0fa5baea8fe7b50f448ab742f26f52b80bfca85ac2be9d35cdd9a3246/pyparsing-3.0.9-py3-none-any.whl", hash = "sha256:5026bae9a10eeaefb61dab2f09052b9f4307d44aee4eda64b309723d8d206bbc", size = 98338, upload-time = "2022-05-10T23:26:03.201Z" },
]

[[package]]
name = "python-dateutil"
version = "2.8.2"
source = { registry = "https://pypi.org/simple" }
dependencies = [
    { name = "six" },
]
sdist = { url = "https://files.pythonhosted.org/packages/4c/c4/13b4776ea2d76c115c1d1b84579f3764ee6d57204f6be27119f13a61d0a9/python-dateutil-2.8.2.tar.gz", hash = "sha256:0123cacc1627ae19ddf3c27a5de5bd67ee4586fbdd6440d9748f8abb483d3e86", size = 357324, upload-time = "2021-07-14T08:19:19.783Z" }
wheels = [
    { url = "https://files.pythonhosted.org/packages/36/7a/87837f39d0296e723bb9b62bbb257d0355c7f6128853c78955f57342a56d/python_dateutil-2.8.2-py2.py3-none-any.whl", hash = "sha256:961d03dc3453ebbc59dbdea9e4e11c5651520a876d0f4db161e8674aae935da9", size = 247702, upload-time = "2021-07-14T08:19:18.161Z" },
]

[[package]]
name = "pyyaml"
version = "6.0.1"
source = { registry = "https://pypi.org/simple" }
sdist = { url = "https://files.pythonhosted.org/packages/cd/e5/af35f7ea75cf72f2cd079c95ee16797de7cd71f29ea7c68ae5ce7be1eda0/PyYAML-6.0.1.tar.gz", hash = "sha256:bfdf460b1736c775f2ba9f6a92bca30bc2095067b8a9d77876d1fad6cc3b4a43", size = 125201, upload-time = "2023-07-18T00:00:23.308Z" }

[[package]]
name = "pyyaml-env-tag"
version = "0.1"
source = { registry = "https://pypi.org/simple" }
dependencies = [
    { name = "pyyaml" },
]
sdist = { url = "https://files.pythonhosted.org/packages/fb/8e/da1c6c58f751b70f8ceb1eb25bc25d524e8f14fe16edcce3f4e3ba08629c/pyyaml_env_tag-0.1.tar.gz", hash = "sha256:70092675bda14fdec33b31ba77e7543de9ddc88f2e5b99160396572d11525bdb", size = 5631, upload-time = "2020-11-12T02:38:26.239Z" }
wheels = [
    { url = "https://files.pythonhosted.org/packages/5a/66/bbb1dd374f5c870f59c5bb1db0e18cbe7fa739415a24cbd95b2d1f5ae0c4/pyyaml_env_tag-0.1-py3-none-any.whl", hash = "sha256:af31106dec8a4d68c60207c1886031cbf839b68aa7abccdb19868200532c2069", size = 3911, upload-time = "2020-11-12T02:38:24.638Z" },
]

[[package]]
name = "requests"
version = "2.33.0"
source = { registry = "https://pypi.org/simple" }
dependencies = [
    { name = "certifi" },
    { name = "charset-normalizer" },
    { name = "idna" },
    { name = "urllib3" },
]
sdist = { url = "https://files.pythonhosted.org/packages/34/64/8860370b167a9721e8956ae116825caff829224fbca0ca6e7bf8ddef8430/requests-2.33.0.tar.gz", hash = "sha256:c7ebc5e8b0f21837386ad0e1c8fe8b829fa5f544d8df3b2253bff14ef29d7652", size = 134232, upload-time = "2026-03-25T15:10:41.586Z" }
wheels = [
    { url = "https://files.pythonhosted.org/packages/56/5d/c814546c2333ceea4ba42262d8c4d55763003e767fa169adc693bd524478/requests-2.33.0-py3-none-any.whl", hash = "sha256:3324635456fa185245e24865e810cecec7b4caf933d7eb133dcde67d48cee69b", size = 65017, upload-time = "2026-03-25T15:10:40.382Z" },
]

[[package]]
name = "setuptools"
version = "78.1.1"
source = { registry = "https://pypi.org/simple" }
sdist = { url = "https://files.pythonhosted.org/packages/81/9c/42314ee079a3e9c24b27515f9fbc7a3c1d29992c33451779011c74488375/setuptools-78.1.1.tar.gz", hash = "sha256:fcc17fd9cd898242f6b4adfaca46137a9edef687f43e6f78469692a5e70d851d", size = 1368163, upload-time = "2025-04-19T18:23:36.68Z" }
wheels = [
    { url = "https://files.pythonhosted.org/packages/90/99/158ad0609729111163fc1f674a5a42f2605371a4cf036d0441070e2f7455/setuptools-78.1.1-py3-none-any.whl", hash = "sha256:c3a9c4211ff4c309edb8b8c4f1cbfa7ae324c4ba9f91ff254e3d305b9fd54561", size = 1256462, upload-time = "2025-04-19T18:23:34.525Z" },
]

[[package]]
name = "six"
version = "1.16.0"
source = { registry = "https://pypi.org/simple" }
sdist = { url = "https://files.pythonhosted.org/packages/71/39/171f1c67cd00715f190ba0b100d606d440a28c93c7714febeca8b79af85e/six-1.16.0.tar.gz", hash = "sha256:1e61c37477a1626458e36f7b1d82aa5c9b094fa4802892072e49de9c60c4c926", size = 34041, upload-time = "2021-05-05T14:18:18.379Z" }
wheels = [
    { url = "https://files.pythonhosted.org/packages/d9/5a/e7c31adbe875f2abbb91bd84cf2dc52d792b5a01506781dbcf25c91daf11/six-1.16.0-py2.py3-none-any.whl", hash = "sha256:8abb2f1d86890a2dfb989f9a77cfcfd3e47c2a354b01111771326f8aa26e0254", size = 11053, upload-time = "2021-05-05T14:18:17.237Z" },
]

[[package]]
name = "urllib3"
version = "2.7.0"
source = { registry = "https://pypi.org/simple" }
sdist = { url = "https://files.pythonhosted.org/packages/53/0c/06f8b233b8fd13b9e5ee11424ef85419ba0d8ba0b3138bf360be2ff56953/urllib3-2.7.0.tar.gz", hash = "sha256:231e0ec3b63ceb14667c67be60f2f2c40a518cb38b03af60abc813da26505f4c", size = 433602, upload-time = "2026-05-07T16:13:18.596Z" }
wheels = [
    { url = "https://files.pythonhosted.org/packages/7f/3e/5db95bcf282c52709639744ca2a8b149baccf648e39c8cc87553df9eae0c/urllib3-2.7.0-py3-none-any.whl", hash = "sha256:9fb4c81ebbb1ce9531cce37674bbc6f1360472bc18ca9a553ede278ef7276897", size = 131087, upload-time = "2026-05-07T16:13:17.151Z" },
]

[[package]]
name = "verspec"
version = "0.1.0"
source = { registry = "https://pypi.org/simple" }
sdist = { url = "https://files.pythonhosted.org/packages/e7/44/8126f9f0c44319b2efc65feaad589cadef4d77ece200ae3c9133d58464d0/verspec-0.1.0.tar.gz", hash = "sha256:c4504ca697b2056cdb4bfa7121461f5a0e81809255b41c03dda4ba823637c01e", size = 27123, upload-time = "2020-11-30T02:24:09.646Z" }
wheels = [
    { url = "https://files.pythonhosted.org/packages/a4/ce/3b6fee91c85626eaf769d617f1be9d2e15c1cca027bbdeb2e0d751469355/verspec-0.1.0-py3-none-any.whl", hash = "sha256:741877d5633cc9464c45a469ae2a31e801e6dbbaa85b9675d481cda100f11c31", size = 19640, upload-time = "2020-11-30T02:24:08.387Z" },
]

[[package]]
name = "watchdog"
version = "2.1.9"
source = { registry = "https://pypi.org/simple" }
sdist = { url = "https://files.pythonhosted.org/packages/42/f7/da8e889f8626786eac9454e8d2718fc79359ed517be20cdd50c647167d39/watchdog-2.1.9.tar.gz", hash = "sha256:43ce20ebb36a51f21fa376f76d1d4692452b2527ccd601950d69ed36b9e21609", size = 119171, upload-time = "2022-06-10T10:29:06.387Z" }
wheels = [
    { url = "https://files.pythonhosted.org/packages/97/b3/bb38d1606b0e9a112afc6323d833cedd95610dcf913ace7f77c673a971f5/watchdog-2.1.9-py3-none-manylinux2014_aarch64.whl", hash = "sha256:9f05a5f7c12452f6a27203f76779ae3f46fa30f1dd833037ea8cbc2887c60213", size = 78408, upload-time = "2022-06-10T10:28:49.13Z" },
    { url = "https://files.pythonhosted.org/packages/c2/83/a0f418e4106dc8f9bcb0eeb31d0a929607ae7274bc88d7ebf76767229a73/watchdog-2.1.9-py3-none-manylinux2014_armv7l.whl", hash = "sha256:255bb5758f7e89b1a13c05a5bceccec2219f8995a3a4c4d6968fe1de6a3b2892", size = 78407, upload-time = "2022-06-10T10:28:51.245Z" },
    { url = "https://files.pythonhosted.org/packages/53/e0/4427a6c25d3a399bf30b9ab7a8d9aa438df4c460f5a094413c2dbd9ddb89/watchdog-2.1.9-py3-none-manylinux2014_i686.whl", hash = "sha256:d3dda00aca282b26194bdd0adec21e4c21e916956d972369359ba63ade616153", size = 78407, upload-time = "2022-06-10T10:28:53.313Z" },
    { url = "https://files.pythonhosted.org/packages/b8/11/62bfa298f40d93b9846df38281a01ddc61c3567423c14c0a8eda6bf149df/watchdog-2.1.9-py3-none-manylinux2014_ppc64.whl", hash = "sha256:186f6c55abc5e03872ae14c2f294a153ec7292f807af99f57611acc8caa75306", size = 78408, upload-time = "2022-06-10T10:28:54.747Z" },
    { url = "https://files.pythonhosted.org/packages/88/1d/3f98cb264a3ec592a170e381acb27eeea5ad9c1dd0d881a3f853be27bd40/watchdog-2.1.9-py3-none-manylinux2014_ppc64le.whl", hash = "sha256:083171652584e1b8829581f965b9b7723ca5f9a2cd7e20271edf264cfd7c1412", size = 78410, upload-time = "2022-06-10T10:28:56.196Z" },
    { url = "https://files.pythonhosted.org/packages/78/10/31420ab66c13fc3de8f7f1d0e0e7736715a09242f280c66bf994f1fd1ed2/watchdog-2.1.9-py3-none-manylinux2014_s390x.whl", hash = "sha256:b530ae007a5f5d50b7fbba96634c7ee21abec70dc3e7f0233339c81943848dc1", size = 78408, upload-time = "2022-06-10T10:28:57.615Z" },
    { url = "https://files.pythonhosted.org/packages/ff/e0/dad09238e32d161e332c2e94b367d2aaa5f2ffe3e240b49b70473979fd61/watchdog-2.1.9-py3-none-manylinux2014_x86_64.whl", hash = "sha256:4f4e1c4aa54fb86316a62a87b3378c025e228178d55481d30d857c6c438897d6", size = 78409, upload-time = "2022-06-10T10:28:59.057Z" },
    { url = "https://files.pythonhosted.org/packages/dd/d2/3470040cbf4abb86c173f60fe73f4b568cc4d37ea3d60d51795dd631afbb/watchdog-2.1.9-py3-none-win32.whl", hash = "sha256:5952135968519e2447a01875a6f5fc8c03190b24d14ee52b0f4b1682259520b1", size = 78394, upload-time = "2022-06-10T10:29:01.049Z" },
    { url = "https://files.pythonhosted.org/packages/61/3f/a2fc9452b8161862a78674fda583d8e1addbbecf57a1e172b4a7a96e8087/watchdog-2.1.9-py3-none-win_amd64.whl", hash = "sha256:7a833211f49143c3d336729b0020ffd1274078e94b0ae42e22f596999f50279c", size = 78398, upload-time = "2022-06-10T10:29:03.093Z" },
    { url = "https://files.pythonhosted.org/packages/eb/15/e1a0c11f137fe05f593288fe735f8cd28c9b2f398e0c08623977dce81921/watchdog-2.1.9-py3-none-win_ia64.whl", hash = "sha256:ad576a565260d8f99d97f2e64b0f97a48228317095908568a9d5c786c829d428", size = 78399, upload-time = "2022-06-10T10:29:04.682Z" },
]
